// !$*UTF8*$!
{
	archiveVersion = 1;
	classes = {
	};
	objectVersion = 56;
	objects = {

/* Begin PBXBuildFile section */
		ACAAB69029CD9BF200502AE2 /* TransactionsListSwiftUIApp.swift in Sources */ = {isa = PBXBuildFile; fileRef = ACAAB68F29CD9BF200502AE2 /* TransactionsListSwiftUIApp.swift */; };
		ACAAB69229CD9BF200502AE2 /* TransactionsView.swift in Sources */ = {isa = PBXBuildFile; fileRef = ACAAB69129CD9BF200502AE2 /* TransactionsView.swift */; };
		ACAAB69429CD9BF600502AE2 /* Assets.xcassets in Resources */ = {isa = PBXBuildFile; fileRef = ACAAB69329CD9BF600502AE2 /* Assets.xcassets */; };
		ACAAB69729CD9BF600502AE2 /* Preview Assets.xcassets in Resources */ = {isa = PBXBuildFile; fileRef = ACAAB69629CD9BF600502AE2 /* Preview Assets.xcassets */; };
		ACAAB69E29CDA2E600502AE2 /* TransactionModel.swift in Sources */ = {isa = PBXBuildFile; fileRef = ACAAB69D29CDA2E600502AE2 /* TransactionModel.swift */; };
		ACAAB6A029CDA31200502AE2 /* TransactionsApi.swift in Sources */ = {isa = PBXBuildFile; fileRef = ACAAB69F29CDA31200502AE2 /* TransactionsApi.swift */; };
		ACAAB6A229CDA32600502AE2 /* TransactionsVM.swift in Sources */ = {isa = PBXBuildFile; fileRef = ACAAB6A129CDA32600502AE2 /* TransactionsVM.swift */; };
		ACC168DC29DAE6BB004B58AB /* TransactionDetailView.swift in Sources */ = {isa = PBXBuildFile; fileRef = ACC168DB29DAE6BB004B58AB /* TransactionDetailView.swift */; };
/* End PBXBuildFile section */

/* Begin PBXFileReference section */
		ACAAB68C29CD9BF200502AE2 /* TransactionsListSwiftUI.app */ = {isa = PBXFileReference; explicitFileType = wrapper.application; includeInIndex = 0; path = TransactionsListSwiftUI.app; sourceTree = BUILT_PRODUCTS_DIR; };
		ACAAB68F29CD9BF200502AE2 /* TransactionsListSwiftUIApp.swift */ = {isa = PBXFileReference; lastKnownFileType = sourcecode.swift; path = TransactionsListSwiftUIApp.swift; sourceTree = "<group>"; };
		ACAAB69129CD9BF200502AE2 /* TransactionsView.swift */ = {isa = PBXFileReference; lastKnownFileType = sourcecode.swift; path = TransactionsView.swift; sourceTree = "<group>"; };
		ACAAB69329CD9BF600502AE2 /* Assets.xcassets */ = {isa = PBXFileReference; lastKnownFileType = folder.assetcatalog; path = Assets.xcassets; sourceTree = "<group>"; };
		ACAAB69629CD9BF600502AE2 /* Preview Assets.xcassets */ = {isa = PBXFileReference; lastKnownFileType = folder.assetcatalog; path = "Preview Assets.xcassets"; sourceTree = "<group>"; };
		ACAAB69D29CDA2E600502AE2 /* TransactionModel.swift */ = {isa = PBXFileReference; lastKnownFileType = sourcecode.swift; path = TransactionModel.swift; sourceTree = "<group>"; };
		ACAAB69F29CDA31200502AE2 /* TransactionsApi.swift */ = {isa = PBXFileReference; lastKnownFileType = sourcecode.swift; path = TransactionsApi.swift; sourceTree = "<group>"; };
		ACAAB6A129CDA32600502AE2 /* TransactionsVM.swift */ = {isa = PBXFileReference; lastKnownFileType = sourcecode.swift; path = TransactionsVM.swift; sourceTree = "<group>"; };
		ACAAB6A329CDC12C00502AE2 /* Info.plist */ = {isa = PBXFileReference; lastKnownFileType = text.plist.xml; path = Info.plist; sourceTree = "<group>"; };
		ACC168DB29DAE6BB004B58AB /* TransactionDetailView.swift */ = {isa = PBXFileReference; lastKnownFileType = sourcecode.swift; path = TransactionDetailView.swift; sourceTree = "<group>"; };
/* End PBXFileReference section */

/* Begin PBXFrameworksBuildPhase section */
		ACAAB68929CD9BF200502AE2 /* Frameworks */ = {
			isa = PBXFrameworksBuildPhase;
			buildActionMask = 2147483647;
			files = (
			);
			runOnlyForDeploymentPostprocessing = 0;
		};
/* End PBXFrameworksBuildPhase section */

/* Begin PBXGroup section */
		ACAAB68329CD9BF200502AE2 = {
			isa = PBXGroup;
			children = (
				ACAAB68F29CD9BF200502AE2 /* TransactionsListSwiftUIApp.swift */,
				ACAAB68E29CD9BF200502AE2 /* TransactionsListSwiftUI */,
				ACAAB68D29CD9BF200502AE2 /* Products */,
			);
			sourceTree = "<group>";
		};
		ACAAB68D29CD9BF200502AE2 /* Products */ = {
			isa = PBXGroup;
			children = (
				ACAAB68C29CD9BF200502AE2 /* TransactionsListSwiftUI.app */,
			);
			name = Products;
			sourceTree = "<group>";
		};
		ACAAB68E29CD9BF200502AE2 /* TransactionsListSwiftUI */ = {
			isa = PBXGroup;
			children = (
				ACAAB6A329CDC12C00502AE2 /* Info.plist */,
				ACAAB69F29CDA31200502AE2 /* TransactionsApi.swift */,
				ACC168DB29DAE6BB004B58AB /* TransactionDetailView.swift */,
				ACAAB69D29CDA2E600502AE2 /* TransactionModel.swift */,
				ACAAB69129CD9BF200502AE2 /* TransactionsView.swift */,
				ACAAB6A129CDA32600502AE2 /* TransactionsVM.swift */,
				ACAAB69329CD9BF600502AE2 /* Assets.xcassets */,
				ACAAB69529CD9BF600502AE2 /* Preview Content */,
			);
			path = TransactionsListSwiftUI;
			sourceTree = "<group>";
		};
		ACAAB69529CD9BF600502AE2 /* Preview Content */ = {
			isa = PBXGroup;
			children = (
				ACAAB69629CD9BF600502AE2 /* Preview Assets.xcassets */,
			);
			path = "Preview Content";
			sourceTree = "<group>";
		};
/* End PBXGroup section */

/* Begin PBXNativeTarget section */
		ACAAB68B29CD9BF200502AE2 /* TransactionsListSwiftUI */ = {
			isa = PBXNativeTarget;
			buildConfigurationList = ACAAB69A29CD9BF600502AE2 /* Build configuration list for PBXNativeTarget "TransactionsListSwiftUI" */;
			buildPhases = (
				ACAAB68829CD9BF200502AE2 /* Sources */,
				ACAAB68929CD9BF200502AE2 /* Frameworks */,
				ACAAB68A29CD9BF200502AE2 /* Resources */,
			);
			buildRules = (
			);
			dependencies = (
			);
			name = TransactionsListSwiftUI;
			productName = TransactionsListSwiftUI;
			productReference = ACAAB68C29CD9BF200502AE2 /* TransactionsListSwiftUI.app */;
			productType = "com.apple.product-type.application";
		};
/* End PBXNativeTarget section */

/* Begin PBXProject section */
		ACAAB68429CD9BF200502AE2 /* Project object */ = {
			isa = PBXProject;
			attributes = {
				BuildIndependentTargetsInParallel = 1;
				LastSwiftUpdateCheck = 1420;
				LastUpgradeCheck = 1420;
				TargetAttributes = {
					ACAAB68B29CD9BF200502AE2 = {
						CreatedOnToolsVersion = 14.2;
					};
				};
			};
			buildConfigurationList = ACAAB68729CD9BF200502AE2 /* Build configuration list for PBXProject "TransactionsListSwiftUI" */;
			compatibilityVersion = "Xcode 14.0";
			developmentRegion = en;
			hasScannedForEncodings = 0;
			knownRegions = (
				en,
				Base,
			);
			mainGroup = ACAAB68329CD9BF200502AE2;
			productRefGroup = ACAAB68D29CD9BF200502AE2 /* Products */;
			projectDirPath = "";
			projectRoot = "";
			targets = (
				ACAAB68B29CD9BF200502AE2 /* TransactionsListSwiftUI */,
			);
		};
/* End PBXProject section */

/* Begin PBXResourcesBuildPhase section */
		ACAAB68A29CD9BF200502AE2 /* Resources */ = {
			isa = PBXResourcesBuildPhase;
			buildActionMask = 2147483647;
			files = (
				ACAAB69729CD9BF600502AE2 /* Preview Assets.xcassets in Resources */,
				ACAAB69429CD9BF600502AE2 /* Assets.xcassets in Resources */,
			);
			runOnlyForDeploymentPostprocessing = 0;
		};
/* End PBXResourcesBuildPhase section */

/* Begin PBXSourcesBuildPhase section */
		ACAAB68829CD9BF200502AE2 /* Sources */ = {
			isa = PBXSourcesBuildPhase;
			buildActionMask = 2147483647;
			files = (
				ACC168DC29DAE6BB004B58AB /* TransactionDetailView.swift in Sources */,
				ACAAB69E29CDA2E600502AE2 /* TransactionModel.swift in Sources */,
				ACAAB6A229CDA32600502AE2 /* TransactionsVM.swift in Sources */,
				ACAAB69229CD9BF200502AE2 /* TransactionsView.swift in Sources */,
				ACAAB69029CD9BF200502AE2 /* TransactionsListSwiftUIApp.swift in Sources */,
				ACAAB6A029CDA31200502AE2 /* TransactionsApi.swift in Sources */,
			);
			runOnlyForDeploymentPostprocessing = 0;
		};
/* End PBXSourcesBuildPhase section */

/* Begin XCBuildConfiguration section */
		ACAAB69829CD9BF600502AE2 /* Debug */ = {
			isa = XCBuildConfiguration;
			buildSettings = {
				ALWAYS_SEARCH_USER_PATHS = NO;
				CLANG_ANALYZER_NONNULL = YES;
				CLANG_ANALYZER_NUMBER_OBJECT_CONVERSION = YES_AGGRESSIVE;
				CLANG_CXX_LANGUAGE_STANDARD = "gnu++20";
				CLANG_ENABLE_MODULES = YES;
				CLANG_ENABLE_OBJC_ARC = YES;
				CLANG_ENABLE_OBJC_WEAK = YES;
				CLANG_WARN_BLOCK_CAPTURE_AUTORELEASING = YES;
				CLANG_WARN_BOOL_CONVERSION = YES;
				CLANG_WARN_COMMA = YES;
				CLANG_WARN_CONSTANT_CONVERSION = YES;
				CLANG_WARN_DEPRECATED_OBJC_IMPLEMENTATIONS = YES;
				CLANG_WARN_DIRECT_OBJC_ISA_USAGE = YES_ERROR;
				CLANG_WARN_DOCUMENTATION_COMMENTS = YES;
				CLANG_WARN_EMPTY_BODY = YES;
				CLANG_WARN_ENUM_CONVERSION = YES;
				CLANG_WARN_INFINITE_RECURSION = YES;
				CLANG_WARN_INT_CONVERSION = YES;
				CLANG_WARN_NON_LITERAL_NULL_CONVERSION = YES;
				CLANG_WARN_OBJC_IMPLICIT_RETAIN_SELF = YES;
				CLANG_WARN_OBJC_LITERAL_CONVERSION = YES;
				CLANG_WARN_OBJC_ROOT_CLASS = YES_ERROR;
				CLANG_WARN_QUOTED_INCLUDE_IN_FRAMEWORK_HEADER = YES;
				CLANG_WARN_RANGE_LOOP_ANALYSIS = YES;
				CLANG_WARN_STRICT_PROTOTYPES = YES;
				CLANG_WARN_SUSPICIOUS_MOVE = YES;
				CLANG_WARN_UNGUARDED_AVAILABILITY = YES_AGGRESSIVE;
				CLANG_WARN_UNREACHABLE_CODE = YES;
				CLANG_WARN__DUPLICATE_METHOD_MATCH = YES;
				COPY_PHASE_STRIP = NO;
				DEBUG_INFORMATION_FORMAT = dwarf;
				ENABLE_STRICT_OBJC_MSGSEND = YES;
				ENABLE_TESTABILITY = YES;
				GCC_C_LANGUAGE_STANDARD = gnu11;
				GCC_DYNAMIC_NO_PIC = NO;
				GCC_NO_COMMON_BLOCKS = YES;
				GCC_OPTIMIZATION_LEVEL = 0;
				GCC_PREPROCESSOR_DEFINITIONS = (
					"DEBUG=1",
					"$(inherited)",
				);
				GCC_WARN_64_TO_32_BIT_CONVERSION = YES;
				GCC_WARN_ABOUT_RETURN_TYPE = YES_ERROR;
				GCC_WARN_UNDECLARED_SELECTOR = YES;
				GCC_WARN_UNINITIALIZED_AUTOS = YES_AGGRESSIVE;
				GCC_WARN_UNUSED_FUNCTION = YES;
				GCC_WARN_UNUSED_VARIABLE = YES;
				IPHONEOS_DEPLOYMENT_TARGET = 16.2;
				MTL_ENABLE_DEBUG_INFO = INCLUDE_SOURCE;
				MTL_FAST_MATH = YES;
				ONLY_ACTIVE_ARCH = YES;
				SDKROOT = iphoneos;
				SWIFT_ACTIVE_COMPILATION_CONDITIONS = DEBUG;
				SWIFT_OPTIMIZATION_LEVEL = "-Onone";
			};
			name = Debug;
		};
		ACAAB69929CD9BF600502AE2 /* Release */ = {
			isa = XCBuildConfiguration;
			buildSettings = {
				ALWAYS_SEARCH_USER_PATHS = NO;
				CLANG_ANALYZER_NONNULL = YES;
				CLANG_ANALYZER_NUMBER_OBJECT_CONVERSION = YES_AGGRESSIVE;
				CLANG_CXX_LANGUAGE_STANDARD = "gnu++20";
				CLANG_ENABLE_MODULES = YES;
				CLANG_ENABLE_OBJC_ARC = YES;
				CLANG_ENABLE_OBJC_WEAK = YES;
				CLANG_WARN_BLOCK_CAPTURE_AUTORELEASING = YES;
				CLANG_WARN_BOOL_CONVERSION = YES;
				CLANG_WARN_COMMA = YES;
				CLANG_WARN_CONSTANT_CONVERSION = YES;
				CLANG_WARN_DEPRECATED_OBJC_IMPLEMENTATIONS = YES;
				CLANG_WARN_DIRECT_OBJC_ISA_USAGE = YES_ERROR;
				CLANG_WARN_DOCUMENTATION_COMMENTS = YES;
				CLANG_WARN_EMPTY_BODY = YES;
				CLANG_WARN_ENUM_CONVERSION = YES;
				CLANG_WARN_INFINITE_RECURSION = YES;
				CLANG_WARN_INT_CONVERSION = YES;
				CLANG_WARN_NON_LITERAL_NULL_CONVERSION = YES;
				CLANG_WARN_OBJC_IMPLICIT_RETAIN_SELF = YES;
				CLANG_WARN_OBJC_LITERAL_CONVERSION = YES;
				CLANG_WARN_OBJC_ROOT_CLASS = YES_ERROR;
				CLANG_WARN_QUOTED_INCLUDE_IN_FRAMEWORK_HEADER = YES;
				CLANG_WARN_RANGE_LOOP_ANALYSIS = YES;
				CLANG_WARN_STRICT_PROTOTYPES = YES;
				CLANG_WARN_SUSPICIOUS_MOVE = YES;
				CLANG_WARN_UNGUARDED_AVAILABILITY = YES_AGGRESSIVE;
				CLANG_WARN_UNREACHABLE_CODE = YES;
				CLANG_WARN__DUPLICATE_METHOD_MATCH = YES;
				COPY_PHASE_STRIP = NO;
				DEBUG_INFORMATION_FORMAT = "dwarf-with-dsym";
				ENABLE_NS_ASSERTIONS = NO;
				ENABLE_STRICT_OBJC_MSGSEND = YES;
				GCC_C_LANGUAGE_STANDARD = gnu11;
				GCC_NO_COMMON_BLOCKS = YES;
				GCC_WARN_64_TO_32_BIT_CONVERSION = YES;
				GCC_WARN_ABOUT_RETURN_TYPE = YES_ERROR;
				GCC_WARN_UNDECLARED_SELECTOR = YES;
				GCC_WARN_UNINITIALIZED_AUTOS = YES_AGGRESSIVE;
				GCC_WARN_UNUSED_FUNCTION = YES;
				GCC_WARN_UNUSED_VARIABLE = YES;
				IPHONEOS_DEPLOYMENT_TARGET = 16.2;
				MTL_ENABLE_DEBUG_INFO = NO;
				MTL_FAST_MATH = YES;
				SDKROOT = iphoneos;
				SWIFT_COMPILATION_MODE = wholemodule;
				SWIFT_OPTIMIZATION_LEVEL = "-O";
				VALIDATE_PRODUCT = YES;
			};
			name = Release;
		};
		ACAAB69B29CD9BF600502AE2 /* Debug */ = {
			isa = XCBuildConfiguration;
			buildSettings = {
				ASSETCATALOG_COMPILER_APPICON_NAME = AppIcon;
				ASSETCATALOG_COMPILER_GLOBAL_ACCENT_COLOR_NAME = AccentColor;
				CODE_SIGN_STYLE = Automatic;
				CURRENT_PROJECT_VERSION = 1;
				DEVELOPMENT_ASSET_PATHS = "\"TransactionsListSwiftUI/Preview Content\"";
				ENABLE_PREVIEWS = YES;
				GENERATE_INFOPLIST_FILE = YES;
				INFOPLIST_FILE = TransactionsListSwiftUI/Info.plist;
				INFOPLIST_KEY_UIApplicationSupportsIndirectInputEvents = YES;
				INFOPLIST_KEY_UILaunchScreen_Generation = YES;
				INFOPLIST_KEY_UISupportedInterfaceOrientations_iPad = "UIInterfaceOrientationPortrait UIInterfaceOrientationPortraitUpsideDown UIInterfaceOrientationLandscapeLeft UIInterfaceOrientationLandscapeRight";
				INFOPLIST_KEY_UISupportedInterfaceOrientations_iPhone = "UIInterfaceOrientationPortrait UIInterfaceOrientationLandscapeLeft UIInterfaceOrientationLandscapeRight";
				LD_RUNPATH_SEARCH_PATHS = (
					"$(inherited)",
					"@executable_path/Frameworks",
				);
				MARKETING_VERSION = 1.0;
				PRODUCT_BUNDLE_IDENTIFIER = alex.TransactionsListSwiftUI;
				PRODUCT_NAME = "$(TARGET_NAME)";
				SWIFT_EMIT_LOC_STRINGS = YES;
				SWIFT_VERSION = 5.0;
				TARGETED_DEVICE_FAMILY = "1,2";
			};
			name = Debug;
		};
		ACAAB69C29CD9BF600502AE2 /* Release */ = {
			isa = XCBuildConfiguration;
			buildSettings = {
				ASSETCATALOG_COMPILER_APPICON_NAME = AppIcon;
				ASSETCATALOG_COMPILER_GLOBAL_ACCENT_COLOR_NAME = AccentColor;
				CODE_SIGN_STYLE = Automatic;
				CURRENT_PROJECT_VERSION = 1;
				DEVELOPMENT_ASSET_PATHS = "\"TransactionsListSwiftUI/Preview Content\"";
				ENABLE_PREVIEWS = YES;
				GENERATE_INFOPLIST_FILE = YES;
				INFOPLIST_FILE = TransactionsListSwiftUI/Info.plist;
				INFOPLIST_KEY_UIApplicationSupportsIndirectInputEvents = YES;
				INFOPLIST_KEY_UILaunchScreen_Generation = YES;
				INFOPLIST_KEY_UISupportedInterfaceOrientations_iPad = "UIInterfaceOrientationPortrait UIInterfaceOrientationPortraitUpsideDown UIInterfaceOrientationLandscapeLeft UIInterfaceOrientationLandscapeRight";
				INFOPLIST_KEY_UISupportedInterfaceOrientations_iPhone = "UIInterfaceOrientationPortrait UIInterfaceOrientationLandscapeLeft UIInterfaceOrientationLandscapeRight";
				LD_RUNPATH_SEARCH_PATHS = (
					"$(inherited)",
					"@executable_path/Frameworks",
				);
				MARKETING_VERSION = 1.0;
				PRODUCT_BUNDLE_IDENTIFIER = alex.TransactionsListSwiftUI;
				PRODUCT_NAME = "$(TARGET_NAME)";
				SWIFT_EMIT_LOC_STRINGS = YES;
				SWIFT_VERSION = 5.0;
				TARGETED_DEVICE_FAMILY = "1,2";
			};
			name = Release;
		};
/* End XCBuildConfiguration section */

/* Begin XCConfigurationList section */
		ACAAB68729CD9BF200502AE2 /* Build configuration list for PBXProject "TransactionsListSwiftUI" */ = {
			isa = XCConfigurationList;
			buildConfigurations = (
				ACAAB69829CD9BF600502AE2 /* Debug */,
				ACAAB69929CD9BF600502AE2 /* Release */,
			);
			defaultConfigurationIsVisible = 0;
			defaultConfigurationName = Release;
		};
		ACAAB69A29CD9BF600502AE2 /* Build configuration list for PBXNativeTarget "TransactionsListSwiftUI" */ = {
			isa = XCConfigurationList;
			buildConfigurations = (
				ACAAB69B29CD9BF600502AE2 /* Debug */,
				ACAAB69C29CD9BF600502AE2 /* Release */,
			);
			defaultConfigurationIsVisible = 0;
			defaultConfigurationName = Release;
		};
/* End XCConfigurationList section */
	};
	rootObject = ACAAB68429CD9BF200502AE2 /* Project object */;
}
